
Microsoft Visual Studio Solution File, Format Version 11.00
# Visual Studio 2010
Project("{FAE04EC0-301F-11D3-BF4B-00C04F79EFBC}") = "Assembly-CSharp", "Assembly-CSharp.csproj", "{76677197-1349-6766-33BC-9CA93773A009}"
EndProject
Project("{FAE04EC0-301F-11D3-BF4B-00C04F79EFBC}") = "Assembly-CSharp-Editor", "Assembly-CSharp-Editor.csproj", "{BF06F0FE-6955-3947-2D1E-A96E902286A4}"
EndProject
Global
	GlobalSection(SolutionConfigurationPlatforms) = preSolution
		Debug|Any CPU = Debug|Any CPU
		Release|Any CPU = Release|Any CPU
	EndGlobalSection
	GlobalSection(ProjectConfigurationPlatforms) = postSolution
		{76677197-1349-6766-33BC-9CA93773A009}.Debug|Any CPU.ActiveCfg = Debug|Any CPU
		{76677197-1349-6766-33BC-9CA93773A009}.Debug|Any CPU.Build.0 = Debug|Any CPU
		{76677197-1349-6766-33BC-9CA93773A009}.Release|Any CPU.ActiveCfg = Release|Any CPU
		{76677197-1349-6766-33BC-9CA93773A009}.Release|Any CPU.Build.0 = Release|Any CPU
		{BF06F0FE-6955-3947-2D1E-A96E902286A4}.Debug|Any CPU.ActiveCfg = Debug|Any CPU
		{BF06F0FE-6955-3947-2D1E-A96E902286A4}.Debug|Any CPU.Build.0 = Debug|Any CPU
		{BF06F0FE-6955-3947-2D1E-A96E902286A4}.Release|Any CPU.ActiveCfg = Release|Any CPU
		{BF06F0FE-6955-3947-2D1E-A96E902286A4}.Release|Any CPU.Build.0 = Release|Any CPU
	EndGlobalSection
	GlobalSection(SolutionProperties) = preSolution
		HideSolutionNode = FALSE
	EndGlobalSection
EndGlobal
